
Microsoft Visual Studio Solution File, Format Version 12.00
# Visual Studio Version 17
VisualStudioVersion = 17.1.32421.90
MinimumVisualStudioVersion = 10.0.40219.1
Project("{FAE04EC0-301F-11D3-BF4B-00C04F79EFBC}") = "EnumsAndInterfaces", "EnumsAndInterfaces.csproj", "{80D80CAB-163D-4D95-B200-E5067BB6CE26}"
EndProject
Global
	GlobalSection(SolutionConfigurationPlatforms) = preSolution
		Debug|Any CPU = Debug|Any CPU
		Release|Any CPU = Release|Any CPU
	EndGlobalSection
	GlobalSection(ProjectConfigurationPlatforms) = postSolution
		{80D80CAB-163D-4D95-B200-E5067BB6CE26}.Debug|Any CPU.ActiveCfg = Debug|Any CPU
		{80D80CAB-163D-4D95-B200-E5067BB6CE26}.Debug|Any CPU.Build.0 = Debug|Any CPU
		{80D80CAB-163D-4D95-B200-E5067BB6CE26}.Release|Any CPU.ActiveCfg = Release|Any CPU
		{80D80CAB-163D-4D95-B200-E5067BB6CE26}.Release|Any CPU.Build.0 = Release|Any CPU
	EndGlobalSection
	GlobalSection(SolutionProperties) = preSolution
		HideSolutionNode = FALSE
	EndGlobalSection
	GlobalSection(ExtensibilityGlobals) = postSolution
		SolutionGuid = {99938575-B065-4E94-8AD2-7355F575571D}
	EndGlobalSection
EndGlobal
