
Microsoft Visual Studio Solution File, Format Version 12.00
# Visual Studio Version 17
VisualStudioVersion = 17.1.32328.378
MinimumVisualStudioVersion = 10.0.40219.1
Project("{FAE04EC0-301F-11D3-BF4B-00C04F79EFBC}") = "ClassObject3", "ClassObject3\ClassObject3.csproj", "{D96F2F57-2F8F-48FB-9FC1-DE1C709086D6}"
EndProject
Global
	GlobalSection(SolutionConfigurationPlatforms) = preSolution
		Debug|Any CPU = Debug|Any CPU
		Release|Any CPU = Release|Any CPU
	EndGlobalSection
	GlobalSection(ProjectConfigurationPlatforms) = postSolution
		{D96F2F57-2F8F-48FB-9FC1-DE1C709086D6}.Debug|Any CPU.ActiveCfg = Debug|Any CPU
		{D96F2F57-2F8F-48FB-9FC1-DE1C709086D6}.Debug|Any CPU.Build.0 = Debug|Any CPU
		{D96F2F57-2F8F-48FB-9FC1-DE1C709086D6}.Release|Any CPU.ActiveCfg = Release|Any CPU
		{D96F2F57-2F8F-48FB-9FC1-DE1C709086D6}.Release|Any CPU.Build.0 = Release|Any CPU
	EndGlobalSection
	GlobalSection(SolutionProperties) = preSolution
		HideSolutionNode = FALSE
	EndGlobalSection
	GlobalSection(ExtensibilityGlobals) = postSolution
		SolutionGuid = {ABC2625A-6A7C-4BC4-BCBA-D6B7FE0EBF79}
	EndGlobalSection
EndGlobal
